<Solution>
  <Folder Name="/aspire-hosting-core/">
    <Project Path="aspire-hosting-core/Aspire.Hosting.Workspec.Core.csproj" />
  </Folder>
  <Folder Name="/aspire-hosting-c4/">
    <Project Path="aspire-hosting-c4/Aspire.Hosting.Workspec.C4.csproj" />
  </Folder>
  <Folder Name="/aspire-hosting-tests/">
    <Project Path="aspire-hosting-tests/Aspire.Hosting.Workspec.Tests.csproj" />
  </Folder>
  <Folder Name="/aspire-hosting-e2e-fixture-apphost/">
    <Project Path="aspire-hosting-e2e-fixture-apphost/E2EFixtureAppHost.csproj" />
  </Folder>
</Solution>
